
Microsoft Visual Studio Solution File, Format Version 12.00
# Visual Studio Version 16
VisualStudioVersion = 16.0.29102.190
MinimumVisualStudioVersion = 10.0.40219.1
Project("{9A19103F-16F7-4668-BE54-9A1E7A4F7556}") = "PersonDiary.WebClient", "src\PersonDiary.WebClient\PersonDiary.WebClient.csproj", "{1FB51362-9D76-46EB-B4E3-FA710A59C699}"
EndProject
Project("{9A19103F-16F7-4668-BE54-9A1E7A4F7556}") = "PersonDiary.GateWay", "src\PersonDiary.GateWay\PersonDiary.GateWay.csproj", "{2AF853C4-F092-470B-BBC1-F8B782EE1F95}"
EndProject
Project("{2150E333-8FDC-42A3-9474-1A3956D46DE8}") = "microservices", "microservices", "{28629E89-5DEE-4CF8-BD68-E5E128F8796A}"
EndProject
Project("{2150E333-8FDC-42A3-9474-1A3956D46DE8}") = "lifeevent", "lifeevent", "{F7762B28-E881-4BD6-BABB-0303DE2E3591}"
EndProject
Project("{2150E333-8FDC-42A3-9474-1A3956D46DE8}") = "person", "person", "{99F6FFD7-765E-44A3-8430-4ACAD9462747}"
EndProject
Project("{9A19103F-16F7-4668-BE54-9A1E7A4F7556}") = "PersonDiary.Person.Domain", "src\microservices\person\PersonDiary.Person.Domain\PersonDiary.Person.Domain.csproj", "{73BDDD67-A40C-4C84-9B6A-4D5A291DADA0}"
EndProject
Project("{9A19103F-16F7-4668-BE54-9A1E7A4F7556}") = "PersonDiary.Lifeevent.Domain", "src\microservices\lifeevent\PersonDiary.Lifeevent.Domain\PersonDiary.Lifeevent.Domain.csproj", "{69AEAB0C-8DAF-49F7-A6E0-972F0CE4E853}"
EndProject
Project("{9A19103F-16F7-4668-BE54-9A1E7A4F7556}") = "PersonDiary.Lifeevent.Business", "src\microservices\lifeevent\PersonDiary.Lifeevent.Business\PersonDiary.Lifeevent.Business.csproj", "{D4AA08B5-064F-4DCD-BA95-D2614D9AE4F6}"
EndProject
Project("{9A19103F-16F7-4668-BE54-9A1E7A4F7556}") = "PersonDiary.Lifeevent.Dto", "src\microservices\lifeevent\PersonDiary.Lifeevent.Dto\PersonDiary.Lifeevent.Dto.csproj", "{E666ED36-3CF0-4210-848B-2588F3A4CEB2}"
EndProject
Project("{9A19103F-16F7-4668-BE54-9A1E7A4F7556}") = "PersonDiary.Lifeevent.EventBus", "src\microservices\lifeevent\PersonDiary.Lifeevent.EventBus\PersonDiary.Lifeevent.EventBus.csproj", "{FE98BB86-FE19-47BA-8C7D-DC2C43CE432D}"
EndProject
Project("{9A19103F-16F7-4668-BE54-9A1E7A4F7556}") = "PersonDiary.RabbitConsumerWorker", "src\PersonDiary.RabbitConsumerWorker\PersonDiary.RabbitConsumerWorker.csproj", "{A1A5F75C-54E9-437F-BAA2-2C765EA8BD44}"
EndProject
Project("{2150E333-8FDC-42A3-9474-1A3956D46DE8}") = "infrastructure", "infrastructure", "{337AAE03-4B57-435C-A88D-B35B1EB2709F}"
EndProject
Project("{9A19103F-16F7-4668-BE54-9A1E7A4F7556}") = "PersonDiary.Infrastructure.Domain", "src\infrastructure\PersonDiary.Infrastucture.Domain\PersonDiary.Infrastructure.Domain.csproj", "{657B88A4-43C9-4E20-B282-080EDEF83CBB}"
EndProject
Project("{9A19103F-16F7-4668-BE54-9A1E7A4F7556}") = "PersonDiary.Infrastructure.Consul", "src\infrastructure\PersonDiary.Infrastructure.Consul\PersonDiary.Infrastructure.Consul.csproj", "{76AE1D4B-9EE2-4A5D-8F2F-F07D9B8A0D89}"
EndProject
Project("{9A19103F-16F7-4668-BE54-9A1E7A4F7556}") = "PersonDiary.Infrastructure.DataAccess", "src\infrastructure\PersonDiary.Infrastructure.DataAccess\PersonDiary.Infrastructure.DataAccess.csproj", "{88AF1E13-7171-4ED9-BA99-92181FE728E7}"
EndProject
Project("{9A19103F-16F7-4668-BE54-9A1E7A4F7556}") = "PersonDiary.Infrastructure.EventBus.RabbitMq", "src\infrastructure\PersonDiary.Infrastructure.EventBus.RabbitMq\PersonDiary.Infrastructure.EventBus.RabbitMq.csproj", "{9E4E816F-6B3F-4945-8258-21F42BB656E0}"
EndProject
Project("{9A19103F-16F7-4668-BE54-9A1E7A4F7556}") = "PersonDiary.Infrastructure.Cache.Redis", "src\infrastructure\PersonDiary.Infrastructure.Cache.Redis\PersonDiary.Infrastructure.Cache.Redis.csproj", "{5545927E-47B8-414F-889D-0D2D0E25FFE2}"
EndProject
Project("{9A19103F-16F7-4668-BE54-9A1E7A4F7556}") = "PersonDiary.Infractructure.DataAccess.Mongo", "src\infrastructure\PersonDiary.Infractructure.DataAccess.Mongo\PersonDiary.Infractructure.DataAccess.Mongo.csproj", "{FFF07CED-6812-474B-9DED-D3807B10FCA2}"
EndProject
Project("{FAE04EC0-301F-11D3-BF4B-00C04F79EFBC}") = "PersonDiary.Lifeevent.WebApi", "src\microservices\lifeevent\PersonDiary.Lifeevent.WebApi\PersonDiary.Lifeevent.WebApi.csproj", "{95FC66B6-0DA9-4E91-9560-B3130C0A3E70}"
EndProject
Project("{FAE04EC0-301F-11D3-BF4B-00C04F79EFBC}") = "PersonDiary.Person.WebApi", "src\microservices\person\PersonDiary.Person.WebApi\PersonDiary.Person.WebApi.csproj", "{73E30968-FB1E-4A71-90D0-A10A73B480BB}"
EndProject
Project("{FAE04EC0-301F-11D3-BF4B-00C04F79EFBC}") = "PersonDiary.Infractructure.Settings", "src\infrastructure\PersonDiary.Infractructure.Settings\PersonDiary.Infractructure.Settings.csproj", "{95341707-86F4-4049-99CB-CB1DF3DF6AD1}"
EndProject
Global
	GlobalSection(SolutionConfigurationPlatforms) = preSolution
		Debug|Any CPU = Debug|Any CPU
		Release|Any CPU = Release|Any CPU
	EndGlobalSection
	GlobalSection(ProjectConfigurationPlatforms) = postSolution
		{1FB51362-9D76-46EB-B4E3-FA710A59C699}.Debug|Any CPU.ActiveCfg = Debug|Any CPU
		{1FB51362-9D76-46EB-B4E3-FA710A59C699}.Debug|Any CPU.Build.0 = Debug|Any CPU
		{1FB51362-9D76-46EB-B4E3-FA710A59C699}.Release|Any CPU.ActiveCfg = Release|Any CPU
		{1FB51362-9D76-46EB-B4E3-FA710A59C699}.Release|Any CPU.Build.0 = Release|Any CPU
		{2AF853C4-F092-470B-BBC1-F8B782EE1F95}.Debug|Any CPU.ActiveCfg = Debug|Any CPU
		{2AF853C4-F092-470B-BBC1-F8B782EE1F95}.Debug|Any CPU.Build.0 = Debug|Any CPU
		{2AF853C4-F092-470B-BBC1-F8B782EE1F95}.Release|Any CPU.ActiveCfg = Release|Any CPU
		{2AF853C4-F092-470B-BBC1-F8B782EE1F95}.Release|Any CPU.Build.0 = Release|Any CPU
		{73BDDD67-A40C-4C84-9B6A-4D5A291DADA0}.Debug|Any CPU.ActiveCfg = Debug|Any CPU
		{73BDDD67-A40C-4C84-9B6A-4D5A291DADA0}.Debug|Any CPU.Build.0 = Debug|Any CPU
		{73BDDD67-A40C-4C84-9B6A-4D5A291DADA0}.Release|Any CPU.ActiveCfg = Release|Any CPU
		{73BDDD67-A40C-4C84-9B6A-4D5A291DADA0}.Release|Any CPU.Build.0 = Release|Any CPU
		{69AEAB0C-8DAF-49F7-A6E0-972F0CE4E853}.Debug|Any CPU.ActiveCfg = Debug|Any CPU
		{69AEAB0C-8DAF-49F7-A6E0-972F0CE4E853}.Debug|Any CPU.Build.0 = Debug|Any CPU
		{69AEAB0C-8DAF-49F7-A6E0-972F0CE4E853}.Release|Any CPU.ActiveCfg = Release|Any CPU
		{69AEAB0C-8DAF-49F7-A6E0-972F0CE4E853}.Release|Any CPU.Build.0 = Release|Any CPU
		{D4AA08B5-064F-4DCD-BA95-D2614D9AE4F6}.Debug|Any CPU.ActiveCfg = Debug|Any CPU
		{D4AA08B5-064F-4DCD-BA95-D2614D9AE4F6}.Debug|Any CPU.Build.0 = Debug|Any CPU
		{D4AA08B5-064F-4DCD-BA95-D2614D9AE4F6}.Release|Any CPU.ActiveCfg = Release|Any CPU
		{D4AA08B5-064F-4DCD-BA95-D2614D9AE4F6}.Release|Any CPU.Build.0 = Release|Any CPU
		{E666ED36-3CF0-4210-848B-2588F3A4CEB2}.Debug|Any CPU.ActiveCfg = Debug|Any CPU
		{E666ED36-3CF0-4210-848B-2588F3A4CEB2}.Debug|Any CPU.Build.0 = Debug|Any CPU
		{E666ED36-3CF0-4210-848B-2588F3A4CEB2}.Release|Any CPU.ActiveCfg = Release|Any CPU
		{E666ED36-3CF0-4210-848B-2588F3A4CEB2}.Release|Any CPU.Build.0 = Release|Any CPU
		{FE98BB86-FE19-47BA-8C7D-DC2C43CE432D}.Debug|Any CPU.ActiveCfg = Debug|Any CPU
		{FE98BB86-FE19-47BA-8C7D-DC2C43CE432D}.Debug|Any CPU.Build.0 = Debug|Any CPU
		{FE98BB86-FE19-47BA-8C7D-DC2C43CE432D}.Release|Any CPU.ActiveCfg = Release|Any CPU
		{FE98BB86-FE19-47BA-8C7D-DC2C43CE432D}.Release|Any CPU.Build.0 = Release|Any CPU
		{A1A5F75C-54E9-437F-BAA2-2C765EA8BD44}.Debug|Any CPU.ActiveCfg = Debug|Any CPU
		{A1A5F75C-54E9-437F-BAA2-2C765EA8BD44}.Debug|Any CPU.Build.0 = Debug|Any CPU
		{A1A5F75C-54E9-437F-BAA2-2C765EA8BD44}.Release|Any CPU.ActiveCfg = Release|Any CPU
		{A1A5F75C-54E9-437F-BAA2-2C765EA8BD44}.Release|Any CPU.Build.0 = Release|Any CPU
		{657B88A4-43C9-4E20-B282-080EDEF83CBB}.Debug|Any CPU.ActiveCfg = Debug|Any CPU
		{657B88A4-43C9-4E20-B282-080EDEF83CBB}.Debug|Any CPU.Build.0 = Debug|Any CPU
		{657B88A4-43C9-4E20-B282-080EDEF83CBB}.Release|Any CPU.ActiveCfg = Release|Any CPU
		{657B88A4-43C9-4E20-B282-080EDEF83CBB}.Release|Any CPU.Build.0 = Release|Any CPU
		{76AE1D4B-9EE2-4A5D-8F2F-F07D9B8A0D89}.Debug|Any CPU.ActiveCfg = Debug|Any CPU
		{76AE1D4B-9EE2-4A5D-8F2F-F07D9B8A0D89}.Debug|Any CPU.Build.0 = Debug|Any CPU
		{76AE1D4B-9EE2-4A5D-8F2F-F07D9B8A0D89}.Release|Any CPU.ActiveCfg = Release|Any CPU
		{76AE1D4B-9EE2-4A5D-8F2F-F07D9B8A0D89}.Release|Any CPU.Build.0 = Release|Any CPU
		{88AF1E13-7171-4ED9-BA99-92181FE728E7}.Debug|Any CPU.ActiveCfg = Debug|Any CPU
		{88AF1E13-7171-4ED9-BA99-92181FE728E7}.Debug|Any CPU.Build.0 = Debug|Any CPU
		{88AF1E13-7171-4ED9-BA99-92181FE728E7}.Release|Any CPU.ActiveCfg = Release|Any CPU
		{88AF1E13-7171-4ED9-BA99-92181FE728E7}.Release|Any CPU.Build.0 = Release|Any CPU
		{9E4E816F-6B3F-4945-8258-21F42BB656E0}.Debug|Any CPU.ActiveCfg = Debug|Any CPU
		{9E4E816F-6B3F-4945-8258-21F42BB656E0}.Debug|Any CPU.Build.0 = Debug|Any CPU
		{9E4E816F-6B3F-4945-8258-21F42BB656E0}.Release|Any CPU.ActiveCfg = Release|Any CPU
		{9E4E816F-6B3F-4945-8258-21F42BB656E0}.Release|Any CPU.Build.0 = Release|Any CPU
		{5545927E-47B8-414F-889D-0D2D0E25FFE2}.Debug|Any CPU.ActiveCfg = Debug|Any CPU
		{5545927E-47B8-414F-889D-0D2D0E25FFE2}.Debug|Any CPU.Build.0 = Debug|Any CPU
		{5545927E-47B8-414F-889D-0D2D0E25FFE2}.Release|Any CPU.ActiveCfg = Release|Any CPU
		{5545927E-47B8-414F-889D-0D2D0E25FFE2}.Release|Any CPU.Build.0 = Release|Any CPU
		{FFF07CED-6812-474B-9DED-D3807B10FCA2}.Debug|Any CPU.ActiveCfg = Debug|Any CPU
		{FFF07CED-6812-474B-9DED-D3807B10FCA2}.Debug|Any CPU.Build.0 = Debug|Any CPU
		{FFF07CED-6812-474B-9DED-D3807B10FCA2}.Release|Any CPU.ActiveCfg = Release|Any CPU
		{FFF07CED-6812-474B-9DED-D3807B10FCA2}.Release|Any CPU.Build.0 = Release|Any CPU
		{95FC66B6-0DA9-4E91-9560-B3130C0A3E70}.Debug|Any CPU.ActiveCfg = Debug|Any CPU
		{95FC66B6-0DA9-4E91-9560-B3130C0A3E70}.Debug|Any CPU.Build.0 = Debug|Any CPU
		{95FC66B6-0DA9-4E91-9560-B3130C0A3E70}.Release|Any CPU.ActiveCfg = Release|Any CPU
		{95FC66B6-0DA9-4E91-9560-B3130C0A3E70}.Release|Any CPU.Build.0 = Release|Any CPU
		{73E30968-FB1E-4A71-90D0-A10A73B480BB}.Debug|Any CPU.ActiveCfg = Debug|Any CPU
		{73E30968-FB1E-4A71-90D0-A10A73B480BB}.Debug|Any CPU.Build.0 = Debug|Any CPU
		{73E30968-FB1E-4A71-90D0-A10A73B480BB}.Release|Any CPU.ActiveCfg = Release|Any CPU
		{73E30968-FB1E-4A71-90D0-A10A73B480BB}.Release|Any CPU.Build.0 = Release|Any CPU
		{95341707-86F4-4049-99CB-CB1DF3DF6AD1}.Debug|Any CPU.ActiveCfg = Debug|Any CPU
		{95341707-86F4-4049-99CB-CB1DF3DF6AD1}.Debug|Any CPU.Build.0 = Debug|Any CPU
		{95341707-86F4-4049-99CB-CB1DF3DF6AD1}.Release|Any CPU.ActiveCfg = Release|Any CPU
		{95341707-86F4-4049-99CB-CB1DF3DF6AD1}.Release|Any CPU.Build.0 = Release|Any CPU
	EndGlobalSection
	GlobalSection(SolutionProperties) = preSolution
		HideSolutionNode = FALSE
	EndGlobalSection
	GlobalSection(NestedProjects) = preSolution
		{F7762B28-E881-4BD6-BABB-0303DE2E3591} = {28629E89-5DEE-4CF8-BD68-E5E128F8796A}
		{99F6FFD7-765E-44A3-8430-4ACAD9462747} = {28629E89-5DEE-4CF8-BD68-E5E128F8796A}
		{73BDDD67-A40C-4C84-9B6A-4D5A291DADA0} = {99F6FFD7-765E-44A3-8430-4ACAD9462747}
		{69AEAB0C-8DAF-49F7-A6E0-972F0CE4E853} = {F7762B28-E881-4BD6-BABB-0303DE2E3591}
		{D4AA08B5-064F-4DCD-BA95-D2614D9AE4F6} = {F7762B28-E881-4BD6-BABB-0303DE2E3591}
		{E666ED36-3CF0-4210-848B-2588F3A4CEB2} = {F7762B28-E881-4BD6-BABB-0303DE2E3591}
		{FE98BB86-FE19-47BA-8C7D-DC2C43CE432D} = {F7762B28-E881-4BD6-BABB-0303DE2E3591}
		{657B88A4-43C9-4E20-B282-080EDEF83CBB} = {337AAE03-4B57-435C-A88D-B35B1EB2709F}
		{76AE1D4B-9EE2-4A5D-8F2F-F07D9B8A0D89} = {337AAE03-4B57-435C-A88D-B35B1EB2709F}
		{88AF1E13-7171-4ED9-BA99-92181FE728E7} = {337AAE03-4B57-435C-A88D-B35B1EB2709F}
		{9E4E816F-6B3F-4945-8258-21F42BB656E0} = {337AAE03-4B57-435C-A88D-B35B1EB2709F}
		{5545927E-47B8-414F-889D-0D2D0E25FFE2} = {337AAE03-4B57-435C-A88D-B35B1EB2709F}
		{FFF07CED-6812-474B-9DED-D3807B10FCA2} = {337AAE03-4B57-435C-A88D-B35B1EB2709F}
		{95FC66B6-0DA9-4E91-9560-B3130C0A3E70} = {F7762B28-E881-4BD6-BABB-0303DE2E3591}
		{73E30968-FB1E-4A71-90D0-A10A73B480BB} = {99F6FFD7-765E-44A3-8430-4ACAD9462747}
		{95341707-86F4-4049-99CB-CB1DF3DF6AD1} = {337AAE03-4B57-435C-A88D-B35B1EB2709F}
	EndGlobalSection
	GlobalSection(ExtensibilityGlobals) = postSolution
		SolutionGuid = {AAC8C9B1-161C-4C87-B2CE-D7C53C230A5D}
	EndGlobalSection
EndGlobal
